
Microsoft Visual Studio Solution File, Format Version 12.00
# Visual Studio Version 17
VisualStudioVersion = 17.2.32630.192
MinimumVisualStudioVersion = 10.0.40219.1
Project("{9A19103F-16F7-4668-BE54-9A1E7A4F7556}") = "Exercise4", "Exercise4\Exercise4.csproj", "{D5A5FD0A-CFE9-401C-92B2-1F6D41DB92F5}"
EndProject
Project("{FAE04EC0-301F-11D3-BF4B-00C04F79EFBC}") = "Exercise4Tests", "Exercise4Tests\Exercise4Tests.csproj", "{6DE315E0-A3F0-4750-8433-2DE80C8C4E15}"
	ProjectSection(ProjectDependencies) = postProject
		{D5A5FD0A-CFE9-401C-92B2-1F6D41DB92F5} = {D5A5FD0A-CFE9-401C-92B2-1F6D41DB92F5}
	EndProjectSection
EndProject
Global
	GlobalSection(SolutionConfigurationPlatforms) = preSolution
		Debug|Any CPU = Debug|Any CPU
		Release|Any CPU = Release|Any CPU
	EndGlobalSection
	GlobalSection(ProjectConfigurationPlatforms) = postSolution
		{D5A5FD0A-CFE9-401C-92B2-1F6D41DB92F5}.Debug|Any CPU.ActiveCfg = Debug|Any CPU
		{D5A5FD0A-CFE9-401C-92B2-1F6D41DB92F5}.Debug|Any CPU.Build.0 = Debug|Any CPU
		{D5A5FD0A-CFE9-401C-92B2-1F6D41DB92F5}.Release|Any CPU.ActiveCfg = Release|Any CPU
		{D5A5FD0A-CFE9-401C-92B2-1F6D41DB92F5}.Release|Any CPU.Build.0 = Release|Any CPU
		{6DE315E0-A3F0-4750-8433-2DE80C8C4E15}.Debug|Any CPU.ActiveCfg = Debug|Any CPU
		{6DE315E0-A3F0-4750-8433-2DE80C8C4E15}.Debug|Any CPU.Build.0 = Debug|Any CPU
		{6DE315E0-A3F0-4750-8433-2DE80C8C4E15}.Release|Any CPU.ActiveCfg = Release|Any CPU
		{6DE315E0-A3F0-4750-8433-2DE80C8C4E15}.Release|Any CPU.Build.0 = Release|Any CPU
	EndGlobalSection
	GlobalSection(SolutionProperties) = preSolution
		HideSolutionNode = FALSE
	EndGlobalSection
	GlobalSection(ExtensibilityGlobals) = postSolution
		SolutionGuid = {0229A790-6B23-42F7-A5D9-1C9424E0F435}
	EndGlobalSection
EndGlobal
